
Microsoft Visual Studio Solution File, Format Version 12.00
# Visual Studio Version 17
VisualStudioVersion = 17.6.33723.286
MinimumVisualStudioVersion = 10.0.40219.1
Project("{8BC9CEB8-8B4A-11D0-8D11-00A0C91BC942}") = "ConsoleApplication1", "ConsoleApplication1\ConsoleApplication1.vcxproj", "{A16305E6-4B5C-4E0A-B232-1FD253CD523E}"
EndProject
Global
	GlobalSection(SolutionConfigurationPlatforms) = preSolution
		Debug|x64 = Debug|x64
		Debug|x86 = Debug|x86
		Release|x64 = Release|x64
		Release|x86 = Release|x86
	EndGlobalSection
	GlobalSection(ProjectConfigurationPlatforms) = postSolution
		{A16305E6-4B5C-4E0A-B232-1FD253CD523E}.Debug|x64.ActiveCfg = Debug|x64
		{A16305E6-4B5C-4E0A-B232-1FD253CD523E}.Debug|x64.Build.0 = Debug|x64
		{A16305E6-4B5C-4E0A-B232-1FD253CD523E}.Debug|x86.ActiveCfg = Debug|Win32
		{A16305E6-4B5C-4E0A-B232-1FD253CD523E}.Debug|x86.Build.0 = Debug|Win32
		{A16305E6-4B5C-4E0A-B232-1FD253CD523E}.Release|x64.ActiveCfg = Release|x64
		{A16305E6-4B5C-4E0A-B232-1FD253CD523E}.Release|x64.Build.0 = Release|x64
		{A16305E6-4B5C-4E0A-B232-1FD253CD523E}.Release|x86.ActiveCfg = Release|Win32
		{A16305E6-4B5C-4E0A-B232-1FD253CD523E}.Release|x86.Build.0 = Release|Win32
	EndGlobalSection
	GlobalSection(SolutionProperties) = preSolution
		HideSolutionNode = FALSE
	EndGlobalSection
	GlobalSection(ExtensibilityGlobals) = postSolution
		SolutionGuid = {01572064-DAB6-4233-8D86-C01026798AED}
	EndGlobalSection
EndGlobal
